
Microsoft Visual Studio Solution File, Format Version 12.00
# Visual Studio Version 17
VisualStudioVersion = 17.6.33829.357
MinimumVisualStudioVersion = 10.0.40219.1
Project("{FAE04EC0-301F-11D3-BF4B-00C04F79EFBC}") = "T6_MemoryCaching", "T6_MemoryCaching\T6_MemoryCaching.csproj", "{5D418034-9164-44DB-8012-3A6764AB75EA}"
EndProject
Global
	GlobalSection(SolutionConfigurationPlatforms) = preSolution
		Debug|Any CPU = Debug|Any CPU
		Release|Any CPU = Release|Any CPU
	EndGlobalSection
	GlobalSection(ProjectConfigurationPlatforms) = postSolution
		{5D418034-9164-44DB-8012-3A6764AB75EA}.Debug|Any CPU.ActiveCfg = Debug|Any CPU
		{5D418034-9164-44DB-8012-3A6764AB75EA}.Debug|Any CPU.Build.0 = Debug|Any CPU
		{5D418034-9164-44DB-8012-3A6764AB75EA}.Release|Any CPU.ActiveCfg = Release|Any CPU
		{5D418034-9164-44DB-8012-3A6764AB75EA}.Release|Any CPU.Build.0 = Release|Any CPU
	EndGlobalSection
	GlobalSection(SolutionProperties) = preSolution
		HideSolutionNode = FALSE
	EndGlobalSection
	GlobalSection(ExtensibilityGlobals) = postSolution
		SolutionGuid = {4EF39669-1551-4069-B26C-AFF43859C0DB}
	EndGlobalSection
EndGlobal
