
Microsoft Visual Studio Solution File, Format Version 12.00
# Visual Studio Version 17
VisualStudioVersion = 17.6.33829.357
MinimumVisualStudioVersion = 10.0.40219.1
Project("{FAE04EC0-301F-11D3-BF4B-00C04F79EFBC}") = "DependencyInjectionDemo", "DependencyInjectionDemo\DependencyInjectionDemo.csproj", "{CEBFF8AB-0955-49A2-BAEE-3B37DEB0FBF1}"
EndProject
Global
	GlobalSection(SolutionConfigurationPlatforms) = preSolution
		Debug|Any CPU = Debug|Any CPU
		Release|Any CPU = Release|Any CPU
	EndGlobalSection
	GlobalSection(ProjectConfigurationPlatforms) = postSolution
		{CEBFF8AB-0955-49A2-BAEE-3B37DEB0FBF1}.Debug|Any CPU.ActiveCfg = Debug|Any CPU
		{CEBFF8AB-0955-49A2-BAEE-3B37DEB0FBF1}.Debug|Any CPU.Build.0 = Debug|Any CPU
		{CEBFF8AB-0955-49A2-BAEE-3B37DEB0FBF1}.Release|Any CPU.ActiveCfg = Release|Any CPU
		{CEBFF8AB-0955-49A2-BAEE-3B37DEB0FBF1}.Release|Any CPU.Build.0 = Release|Any CPU
	EndGlobalSection
	GlobalSection(SolutionProperties) = preSolution
		HideSolutionNode = FALSE
	EndGlobalSection
	GlobalSection(ExtensibilityGlobals) = postSolution
		SolutionGuid = {8DF2BF69-8B4C-47E7-98C4-2D0FCD559623}
	EndGlobalSection
EndGlobal
