
Microsoft Visual Studio Solution File, Format Version 12.00
# Visual Studio Version 17
VisualStudioVersion = 17.6.33829.357
MinimumVisualStudioVersion = 10.0.40219.1
Project("{FAE04EC0-301F-11D3-BF4B-00C04F79EFBC}") = "T1_Environments-Configuration", "T1_Environments-Configuration\T1_Environments-Configuration.csproj", "{5AD6A4F1-891A-42DA-B63C-54B53D4FB67D}"
EndProject
Global
	GlobalSection(SolutionConfigurationPlatforms) = preSolution
		Debug|Any CPU = Debug|Any CPU
		Release|Any CPU = Release|Any CPU
	EndGlobalSection
	GlobalSection(ProjectConfigurationPlatforms) = postSolution
		{5AD6A4F1-891A-42DA-B63C-54B53D4FB67D}.Debug|Any CPU.ActiveCfg = Debug|Any CPU
		{5AD6A4F1-891A-42DA-B63C-54B53D4FB67D}.Debug|Any CPU.Build.0 = Debug|Any CPU
		{5AD6A4F1-891A-42DA-B63C-54B53D4FB67D}.Release|Any CPU.ActiveCfg = Release|Any CPU
		{5AD6A4F1-891A-42DA-B63C-54B53D4FB67D}.Release|Any CPU.Build.0 = Release|Any CPU
	EndGlobalSection
	GlobalSection(SolutionProperties) = preSolution
		HideSolutionNode = FALSE
	EndGlobalSection
	GlobalSection(ExtensibilityGlobals) = postSolution
		SolutionGuid = {6F458D56-D7FD-4F64-B902-B914D93087E5}
	EndGlobalSection
EndGlobal
