
Microsoft Visual Studio Solution File, Format Version 12.00
# Visual Studio Version 17
VisualStudioVersion = 17.6.33829.357
MinimumVisualStudioVersion = 10.0.40219.1
Project("{FAE04EC0-301F-11D3-BF4B-00C04F79EFBC}") = "00_Basics", "00_Basics\00_Basics.csproj", "{310EB3A1-8815-48BA-A5B7-DBFA09DF9321}"
EndProject
Global
	GlobalSection(SolutionConfigurationPlatforms) = preSolution
		Debug|Any CPU = Debug|Any CPU
		Release|Any CPU = Release|Any CPU
	EndGlobalSection
	GlobalSection(ProjectConfigurationPlatforms) = postSolution
		{310EB3A1-8815-48BA-A5B7-DBFA09DF9321}.Debug|Any CPU.ActiveCfg = Debug|Any CPU
		{310EB3A1-8815-48BA-A5B7-DBFA09DF9321}.Debug|Any CPU.Build.0 = Debug|Any CPU
		{310EB3A1-8815-48BA-A5B7-DBFA09DF9321}.Release|Any CPU.ActiveCfg = Release|Any CPU
		{310EB3A1-8815-48BA-A5B7-DBFA09DF9321}.Release|Any CPU.Build.0 = Release|Any CPU
	EndGlobalSection
	GlobalSection(SolutionProperties) = preSolution
		HideSolutionNode = FALSE
	EndGlobalSection
	GlobalSection(ExtensibilityGlobals) = postSolution
		SolutionGuid = {62AEB164-ADCB-4A78-89CE-2C033FFEB0D3}
	EndGlobalSection
EndGlobal
